// !$*UTF8*$!
{
	archiveVersion = 1;
	classes = {
	};
	objectVersion = 50;
	objects = {

/* Begin PBXBuildFile section */
		8D1100E4226A9EFF00858C03 /* SJExpandCell.swift in Sources */ = {isa = PBXBuildFile; fileRef = 8D1100E3226A9EFF00858C03 /* SJExpandCell.swift */; };
		8D1100E6226AB60500858C03 /* BaseCell.swift in Sources */ = {isa = PBXBuildFile; fileRef = 8D1100E5226AB60500858C03 /* BaseCell.swift */; };
		8D1E8E222266C5A000031B28 /* AppDelegate.swift in Sources */ = {isa = PBXBuildFile; fileRef = 8D1E8E212266C5A000031B28 /* AppDelegate.swift */; };
		8D1E8E292266C5A300031B28 /* Assets.xcassets in Resources */ = {isa = PBXBuildFile; fileRef = 8D1E8E282266C5A300031B28 /* Assets.xcassets */; };
		8D1E8E2C2266C5A300031B28 /* LaunchScreen.storyboard in Resources */ = {isa = PBXBuildFile; fileRef = 8D1E8E2A2266C5A300031B28 /* LaunchScreen.storyboard */; };
		8D1E8E352266C5C000031B28 /* SJExpandTableViewController.swift in Sources */ = {isa = PBXBuildFile; fileRef = 8D1E8E332266C5C000031B28 /* SJExpandTableViewController.swift */; };
		8D1E8E362266C5C000031B28 /* DatePickerCell.swift in Sources */ = {isa = PBXBuildFile; fileRef = 8D1E8E342266C5C000031B28 /* DatePickerCell.swift */; };
		8D1E8E382266C60700031B28 /* Main.storyboard in Resources */ = {isa = PBXBuildFile; fileRef = 8D1E8E372266C60700031B28 /* Main.storyboard */; };
		8D244EBC2279B4D400BBE9D8 /* MultiImageCell.swift in Sources */ = {isa = PBXBuildFile; fileRef = 8D244EBB2279B4D400BBE9D8 /* MultiImageCell.swift */; };
		8D244EBE2279C60A00BBE9D8 /* ImageCell.swift in Sources */ = {isa = PBXBuildFile; fileRef = 8D244EBD2279C60A00BBE9D8 /* ImageCell.swift */; };
		8D2B47EC2278888C00325313 /* SJExpandProtocol.swift in Sources */ = {isa = PBXBuildFile; fileRef = 8D2B47EB2278888C00325313 /* SJExpandProtocol.swift */; };
		8D490E372268263100BE1205 /* SingleSelectCell.swift in Sources */ = {isa = PBXBuildFile; fileRef = 8D490E362268263100BE1205 /* SingleSelectCell.swift */; };
		8DB595712269989500C638AC /* InputFieldCell.swift in Sources */ = {isa = PBXBuildFile; fileRef = 8DB595702269989500C638AC /* InputFieldCell.swift */; };
		8DD6783822685FB40035B255 /* OptionCell.swift in Sources */ = {isa = PBXBuildFile; fileRef = 8DD6783722685FB40035B255 /* OptionCell.swift */; };
/* End PBXBuildFile section */

/* Begin PBXFileReference section */
		8D1100E3226A9EFF00858C03 /* SJExpandCell.swift */ = {isa = PBXFileReference; lastKnownFileType = sourcecode.swift; path = SJExpandCell.swift; sourceTree = "<group>"; };
		8D1100E5226AB60500858C03 /* BaseCell.swift */ = {isa = PBXFileReference; lastKnownFileType = sourcecode.swift; path = BaseCell.swift; sourceTree = "<group>"; };
		8D1E8E1E2266C5A000031B28 /* expandTableView.app */ = {isa = PBXFileReference; explicitFileType = wrapper.application; includeInIndex = 0; path = expandTableView.app; sourceTree = BUILT_PRODUCTS_DIR; };
		8D1E8E212266C5A000031B28 /* AppDelegate.swift */ = {isa = PBXFileReference; lastKnownFileType = sourcecode.swift; path = AppDelegate.swift; sourceTree = "<group>"; };
		8D1E8E282266C5A300031B28 /* Assets.xcassets */ = {isa = PBXFileReference; lastKnownFileType = folder.assetcatalog; path = Assets.xcassets; sourceTree = "<group>"; };
		8D1E8E2B2266C5A300031B28 /* Base */ = {isa = PBXFileReference; lastKnownFileType = file.storyboard; name = Base; path = Base.lproj/LaunchScreen.storyboard; sourceTree = "<group>"; };
		8D1E8E2D2266C5A300031B28 /* Info.plist */ = {isa = PBXFileReference; lastKnownFileType = text.plist.xml; path = Info.plist; sourceTree = "<group>"; };
		8D1E8E332266C5C000031B28 /* SJExpandTableViewController.swift */ = {isa = PBXFileReference; fileEncoding = 4; lastKnownFileType = sourcecode.swift; path = SJExpandTableViewController.swift; sourceTree = "<group>"; };
		8D1E8E342266C5C000031B28 /* DatePickerCell.swift */ = {isa = PBXFileReference; fileEncoding = 4; lastKnownFileType = sourcecode.swift; path = DatePickerCell.swift; sourceTree = "<group>"; };
		8D1E8E372266C60700031B28 /* Main.storyboard */ = {isa = PBXFileReference; fileEncoding = 4; lastKnownFileType = file.storyboard; path = Main.storyboard; sourceTree = "<group>"; };
		8D244EBB2279B4D400BBE9D8 /* MultiImageCell.swift */ = {isa = PBXFileReference; lastKnownFileType = sourcecode.swift; path = MultiImageCell.swift; sourceTree = "<group>"; };
		8D244EBD2279C60A00BBE9D8 /* ImageCell.swift */ = {isa = PBXFileReference; lastKnownFileType = sourcecode.swift; path = ImageCell.swift; sourceTree = "<group>"; };
		8D2B47EB2278888C00325313 /* SJExpandProtocol.swift */ = {isa = PBXFileReference; lastKnownFileType = sourcecode.swift; path = SJExpandProtocol.swift; sourceTree = "<group>"; };
		8D490E362268263100BE1205 /* SingleSelectCell.swift */ = {isa = PBXFileReference; lastKnownFileType = sourcecode.swift; path = SingleSelectCell.swift; sourceTree = "<group>"; };
		8DB595702269989500C638AC /* InputFieldCell.swift */ = {isa = PBXFileReference; lastKnownFileType = sourcecode.swift; path = InputFieldCell.swift; sourceTree = "<group>"; };
		8DD6783722685FB40035B255 /* OptionCell.swift */ = {isa = PBXFileReference; lastKnownFileType = sourcecode.swift; path = OptionCell.swift; sourceTree = "<group>"; };
/* End PBXFileReference section */

/* Begin PBXFrameworksBuildPhase section */
		8D1E8E1B2266C5A000031B28 /* Frameworks */ = {
			isa = PBXFrameworksBuildPhase;
			buildActionMask = 2147483647;
			files = (
			);
			runOnlyForDeploymentPostprocessing = 0;
		};
/* End PBXFrameworksBuildPhase section */

/* Begin PBXGroup section */
		8D1E8E152266C5A000031B28 = {
			isa = PBXGroup;
			children = (
				8D1E8E202266C5A000031B28 /* expandTableView */,
				8D1E8E1F2266C5A000031B28 /* Products */,
			);
			sourceTree = "<group>";
		};
		8D1E8E1F2266C5A000031B28 /* Products */ = {
			isa = PBXGroup;
			children = (
				8D1E8E1E2266C5A000031B28 /* expandTableView.app */,
			);
			name = Products;
			sourceTree = "<group>";
		};
		8D1E8E202266C5A000031B28 /* expandTableView */ = {
			isa = PBXGroup;
			children = (
				8D1E8E212266C5A000031B28 /* AppDelegate.swift */,
				8D1E8E332266C5C000031B28 /* SJExpandTableViewController.swift */,
				8D2B47EB2278888C00325313 /* SJExpandProtocol.swift */,
				8D1100E5226AB60500858C03 /* BaseCell.swift */,
				8D1100E3226A9EFF00858C03 /* SJExpandCell.swift */,
				8D1E8E342266C5C000031B28 /* DatePickerCell.swift */,
				8D490E362268263100BE1205 /* SingleSelectCell.swift */,
				8DD6783722685FB40035B255 /* OptionCell.swift */,
				8DB595702269989500C638AC /* InputFieldCell.swift */,
				8D244EBB2279B4D400BBE9D8 /* MultiImageCell.swift */,
				8D244EBD2279C60A00BBE9D8 /* ImageCell.swift */,
				8D1E8E372266C60700031B28 /* Main.storyboard */,
				8D1E8E282266C5A300031B28 /* Assets.xcassets */,
				8D1E8E2A2266C5A300031B28 /* LaunchScreen.storyboard */,
				8D1E8E2D2266C5A300031B28 /* Info.plist */,
			);
			path = expandTableView;
			sourceTree = "<group>";
		};
/* End PBXGroup section */

/* Begin PBXNativeTarget section */
		8D1E8E1D2266C5A000031B28 /* expandTableView */ = {
			isa = PBXNativeTarget;
			buildConfigurationList = 8D1E8E302266C5A300031B28 /* Build configuration list for PBXNativeTarget "expandTableView" */;
			buildPhases = (
				8D1E8E1A2266C5A000031B28 /* Sources */,
				8D1E8E1B2266C5A000031B28 /* Frameworks */,
				8D1E8E1C2266C5A000031B28 /* Resources */,
			);
			buildRules = (
			);
			dependencies = (
			);
			name = expandTableView;
			productName = expandTableView;
			productReference = 8D1E8E1E2266C5A000031B28 /* expandTableView.app */;
			productType = "com.apple.product-type.application";
		};
/* End PBXNativeTarget section */

/* Begin PBXProject section */
		8D1E8E162266C5A000031B28 /* Project object */ = {
			isa = PBXProject;
			attributes = {
				LastSwiftUpdateCheck = 1020;
				LastUpgradeCheck = 1020;
				ORGANIZATIONNAME = ShaoJenChen;
				TargetAttributes = {
					8D1E8E1D2266C5A000031B28 = {
						CreatedOnToolsVersion = 10.2;
					};
				};
			};
			buildConfigurationList = 8D1E8E192266C5A000031B28 /* Build configuration list for PBXProject "expandTableView" */;
			compatibilityVersion = "Xcode 9.3";
			developmentRegion = en;
			hasScannedForEncodings = 0;
			knownRegions = (
				en,
				Base,
			);
			mainGroup = 8D1E8E152266C5A000031B28;
			productRefGroup = 8D1E8E1F2266C5A000031B28 /* Products */;
			projectDirPath = "";
			projectRoot = "";
			targets = (
				8D1E8E1D2266C5A000031B28 /* expandTableView */,
			);
		};
/* End PBXProject section */

/* Begin PBXResourcesBuildPhase section */
		8D1E8E1C2266C5A000031B28 /* Resources */ = {
			isa = PBXResourcesBuildPhase;
			buildActionMask = 2147483647;
			files = (
				8D1E8E2C2266C5A300031B28 /* LaunchScreen.storyboard in Resources */,
				8D1E8E292266C5A300031B28 /* Assets.xcassets in Resources */,
				8D1E8E382266C60700031B28 /* Main.storyboard in Resources */,
			);
			runOnlyForDeploymentPostprocessing = 0;
		};
/* End PBXResourcesBuildPhase section */

/* Begin PBXSourcesBuildPhase section */
		8D1E8E1A2266C5A000031B28 /* Sources */ = {
			isa = PBXSourcesBuildPhase;
			buildActionMask = 2147483647;
			files = (
				8DB595712269989500C638AC /* InputFieldCell.swift in Sources */,
				8D1E8E352266C5C000031B28 /* SJExpandTableViewController.swift in Sources */,
				8D1100E4226A9EFF00858C03 /* SJExpandCell.swift in Sources */,
				8D490E372268263100BE1205 /* SingleSelectCell.swift in Sources */,
				8D244EBE2279C60A00BBE9D8 /* ImageCell.swift in Sources */,
				8D1100E6226AB60500858C03 /* BaseCell.swift in Sources */,
				8D2B47EC2278888C00325313 /* SJExpandProtocol.swift in Sources */,
				8D1E8E362266C5C000031B28 /* DatePickerCell.swift in Sources */,
				8D244EBC2279B4D400BBE9D8 /* MultiImageCell.swift in Sources */,
				8DD6783822685FB40035B255 /* OptionCell.swift in Sources */,
				8D1E8E222266C5A000031B28 /* AppDelegate.swift in Sources */,
			);
			runOnlyForDeploymentPostprocessing = 0;
		};
/* End PBXSourcesBuildPhase section */

/* Begin PBXVariantGroup section */
		8D1E8E2A2266C5A300031B28 /* LaunchScreen.storyboard */ = {
			isa = PBXVariantGroup;
			children = (
				8D1E8E2B2266C5A300031B28 /* Base */,
			);
			name = LaunchScreen.storyboard;
			sourceTree = "<group>";
		};
/* End PBXVariantGroup section */

/* Begin XCBuildConfiguration section */
		8D1E8E2E2266C5A300031B28 /* Debug */ = {
			isa = XCBuildConfiguration;
			buildSettings = {
				ALWAYS_SEARCH_USER_PATHS = NO;
				CLANG_ANALYZER_NONNULL = YES;
				CLANG_ANALYZER_NUMBER_OBJECT_CONVERSION = YES_AGGRESSIVE;
				CLANG_CXX_LANGUAGE_STANDARD = "gnu++14";
				CLANG_CXX_LIBRARY = "libc++";
				CLANG_ENABLE_MODULES = YES;
				CLANG_ENABLE_OBJC_ARC = YES;
				CLANG_ENABLE_OBJC_WEAK = YES;
				CLANG_WARN_BLOCK_CAPTURE_AUTORELEASING = YES;
				CLANG_WARN_BOOL_CONVERSION = YES;
				CLANG_WARN_COMMA = YES;
				CLANG_WARN_CONSTANT_CONVERSION = YES;
				CLANG_WARN_DEPRECATED_OBJC_IMPLEMENTATIONS = YES;
				CLANG_WARN_DIRECT_OBJC_ISA_USAGE = YES_ERROR;
				CLANG_WARN_DOCUMENTATION_COMMENTS = YES;
				CLANG_WARN_EMPTY_BODY = YES;
				CLANG_WARN_ENUM_CONVERSION = YES;
				CLANG_WARN_INFINITE_RECURSION = YES;
				CLANG_WARN_INT_CONVERSION = YES;
				CLANG_WARN_NON_LITERAL_NULL_CONVERSION = YES;
				CLANG_WARN_OBJC_IMPLICIT_RETAIN_SELF = YES;
				CLANG_WARN_OBJC_LITERAL_CONVERSION = YES;
				CLANG_WARN_OBJC_ROOT_CLASS = YES_ERROR;
				CLANG_WARN_RANGE_LOOP_ANALYSIS = YES;
				CLANG_WARN_STRICT_PROTOTYPES = YES;
				CLANG_WARN_SUSPICIOUS_MOVE = YES;
				CLANG_WARN_UNGUARDED_AVAILABILITY = YES_AGGRESSIVE;
				CLANG_WARN_UNREACHABLE_CODE = YES;
				CLANG_WARN__DUPLICATE_METHOD_MATCH = YES;
				CODE_SIGN_IDENTITY = "iPhone Developer";
				COPY_PHASE_STRIP = NO;
				DEBUG_INFORMATION_FORMAT = dwarf;
				ENABLE_STRICT_OBJC_MSGSEND = YES;
				ENABLE_TESTABILITY = YES;
				GCC_C_LANGUAGE_STANDARD = gnu11;
				GCC_DYNAMIC_NO_PIC = NO;
				GCC_NO_COMMON_BLOCKS = YES;
				GCC_OPTIMIZATION_LEVEL = 0;
				GCC_PREPROCESSOR_DEFINITIONS = (
					"DEBUG=1",
					"$(inherited)",
				);
				GCC_WARN_64_TO_32_BIT_CONVERSION = YES;
				GCC_WARN_ABOUT_RETURN_TYPE = YES_ERROR;
				GCC_WARN_UNDECLARED_SELECTOR = YES;
				GCC_WARN_UNINITIALIZED_AUTOS = YES_AGGRESSIVE;
				GCC_WARN_UNUSED_FUNCTION = YES;
				GCC_WARN_UNUSED_VARIABLE = YES;
				IPHONEOS_DEPLOYMENT_TARGET = 12.2;
				MTL_ENABLE_DEBUG_INFO = INCLUDE_SOURCE;
				MTL_FAST_MATH = YES;
				ONLY_ACTIVE_ARCH = YES;
				SDKROOT = iphoneos;
				SWIFT_ACTIVE_COMPILATION_CONDITIONS = DEBUG;
				SWIFT_OPTIMIZATION_LEVEL = "-Onone";
			};
			name = Debug;
		};
		8D1E8E2F2266C5A300031B28 /* Release */ = {
			isa = XCBuildConfiguration;
			buildSettings = {
				ALWAYS_SEARCH_USER_PATHS = NO;
				CLANG_ANALYZER_NONNULL = YES;
				CLANG_ANALYZER_NUMBER_OBJECT_CONVERSION = YES_AGGRESSIVE;
				CLANG_CXX_LANGUAGE_STANDARD = "gnu++14";
				CLANG_CXX_LIBRARY = "libc++";
				CLANG_ENABLE_MODULES = YES;
				CLANG_ENABLE_OBJC_ARC = YES;
				CLANG_ENABLE_OBJC_WEAK = YES;
				CLANG_WARN_BLOCK_CAPTURE_AUTORELEASING = YES;
				CLANG_WARN_BOOL_CONVERSION = YES;
				CLANG_WARN_COMMA = YES;
				CLANG_WARN_CONSTANT_CONVERSION = YES;
				CLANG_WARN_DEPRECATED_OBJC_IMPLEMENTATIONS = YES;
				CLANG_WARN_DIRECT_OBJC_ISA_USAGE = YES_ERROR;
				CLANG_WARN_DOCUMENTATION_COMMENTS = YES;
				CLANG_WARN_EMPTY_BODY = YES;
				CLANG_WARN_ENUM_CONVERSION = YES;
				CLANG_WARN_INFINITE_RECURSION = YES;
				CLANG_WARN_INT_CONVERSION = YES;
				CLANG_WARN_NON_LITERAL_NULL_CONVERSION = YES;
				CLANG_WARN_OBJC_IMPLICIT_RETAIN_SELF = YES;
				CLANG_WARN_OBJC_LITERAL_CONVERSION = YES;
				CLANG_WARN_OBJC_ROOT_CLASS = YES_ERROR;
				CLANG_WARN_RANGE_LOOP_ANALYSIS = YES;
				CLANG_WARN_STRICT_PROTOTYPES = YES;
				CLANG_WARN_SUSPICIOUS_MOVE = YES;
				CLANG_WARN_UNGUARDED_AVAILABILITY = YES_AGGRESSIVE;
				CLANG_WARN_UNREACHABLE_CODE = YES;
				CLANG_WARN__DUPLICATE_METHOD_MATCH = YES;
				CODE_SIGN_IDENTITY = "iPhone Developer";
				COPY_PHASE_STRIP = NO;
				DEBUG_INFORMATION_FORMAT = "dwarf-with-dsym";
				ENABLE_NS_ASSERTIONS = NO;
				ENABLE_STRICT_OBJC_MSGSEND = YES;
				GCC_C_LANGUAGE_STANDARD = gnu11;
				GCC_NO_COMMON_BLOCKS = YES;
				GCC_WARN_64_TO_32_BIT_CONVERSION = YES;
				GCC_WARN_ABOUT_RETURN_TYPE = YES_ERROR;
				GCC_WARN_UNDECLARED_SELECTOR = YES;
				GCC_WARN_UNINITIALIZED_AUTOS = YES_AGGRESSIVE;
				GCC_WARN_UNUSED_FUNCTION = YES;
				GCC_WARN_UNUSED_VARIABLE = YES;
				IPHONEOS_DEPLOYMENT_TARGET = 12.2;
				MTL_ENABLE_DEBUG_INFO = NO;
				MTL_FAST_MATH = YES;
				SDKROOT = iphoneos;
				SWIFT_COMPILATION_MODE = wholemodule;
				SWIFT_OPTIMIZATION_LEVEL = "-O";
				VALIDATE_PRODUCT = YES;
			};
			name = Release;
		};
		8D1E8E312266C5A300031B28 /* Debug */ = {
			isa = XCBuildConfiguration;
			buildSettings = {
				ASSETCATALOG_COMPILER_APPICON_NAME = AppIcon;
				CODE_SIGN_STYLE = Automatic;
				DEVELOPMENT_TEAM = 79E68ZK73C;
				INFOPLIST_FILE = expandTableView/Info.plist;
				IPHONEOS_DEPLOYMENT_TARGET = 10.3;
				LD_RUNPATH_SEARCH_PATHS = (
					"$(inherited)",
					"@executable_path/Frameworks",
				);
				PRODUCT_BUNDLE_IDENTIFIER = tw.com.geovision.expandTableView;
				PRODUCT_NAME = "$(TARGET_NAME)";
				SWIFT_VERSION = 5.0;
				TARGETED_DEVICE_FAMILY = "1,2";
			};
			name = Debug;
		};
		8D1E8E322266C5A300031B28 /* Release */ = {
			isa = XCBuildConfiguration;
			buildSettings = {
				ASSETCATALOG_COMPILER_APPICON_NAME = AppIcon;
				CODE_SIGN_STYLE = Automatic;
				DEVELOPMENT_TEAM = 79E68ZK73C;
				INFOPLIST_FILE = expandTableView/Info.plist;
				IPHONEOS_DEPLOYMENT_TARGET = 10.3;
				LD_RUNPATH_SEARCH_PATHS = (
					"$(inherited)",
					"@executable_path/Frameworks",
				);
				PRODUCT_BUNDLE_IDENTIFIER = tw.com.geovision.expandTableView;
				PRODUCT_NAME = "$(TARGET_NAME)";
				SWIFT_VERSION = 5.0;
				TARGETED_DEVICE_FAMILY = "1,2";
			};
			name = Release;
		};
/* End XCBuildConfiguration section */

/* Begin XCConfigurationList section */
		8D1E8E192266C5A000031B28 /* Build configuration list for PBXProject "expandTableView" */ = {
			isa = XCConfigurationList;
			buildConfigurations = (
				8D1E8E2E2266C5A300031B28 /* Debug */,
				8D1E8E2F2266C5A300031B28 /* Release */,
			);
			defaultConfigurationIsVisible = 0;
			defaultConfigurationName = Release;
		};
		8D1E8E302266C5A300031B28 /* Build configuration list for PBXNativeTarget "expandTableView" */ = {
			isa = XCConfigurationList;
			buildConfigurations = (
				8D1E8E312266C5A300031B28 /* Debug */,
				8D1E8E322266C5A300031B28 /* Release */,
			);
			defaultConfigurationIsVisible = 0;
			defaultConfigurationName = Release;
		};
/* End XCConfigurationList section */
	};
	rootObject = 8D1E8E162266C5A000031B28 /* Project object */;
}
